
Microsoft Visual Studio Solution File, Format Version 9.00
# Visual Studio 2005
Project("{8BC9CEB8-8B4A-11D0-8D11-00A0C91BC942}") = "denmod.simulation.input", "simulation\input\input.vcproj", "{EF97B474-CAB2-4890-ABF6-46C64A56DEF0}"
EndProject
Project("{8BC9CEB8-8B4A-11D0-8D11-00A0C91BC942}") = "denmod.ui.gui", "gui\gui\gui.vcproj", "{FBC66F86-08B6-453A-BE3C-92472596833D}"
EndProject
Project("{54435603-DBB4-11D2-8724-00A0C9A8B90C}") = "denmod.deployment", "deploy\install\install.vdproj", "{02DDC5D5-6590-407A-89CD-168F85A7CB01}"
EndProject
Project("{8BC9CEB8-8B4A-11D0-8D11-00A0C91BC942}") = "denmod.simulation.cimsim", "simulation\cimsim\cimsim.vcproj", "{3181D845-C5F4-46CA-9370-E40A376A9DC4}"
EndProject
Project("{8BC9CEB8-8B4A-11D0-8D11-00A0C91BC942}") = "denmod.ui.ctrls", "gui\ctrl\ctrl.vcproj", "{92B00CE3-2DD3-4FF3-90B8-406836D45EC6}"
EndProject
Project("{8BC9CEB8-8B4A-11D0-8D11-00A0C91BC942}") = "denmod.ui.objs", "gui\objs\objs.vcproj", "{C2329981-C757-474F-A90A-E11DBDA868BE}"
	ProjectSection(ProjectDependencies) = postProject
		{54E8551C-CB5B-48F7-A5ED-C6DCA877E842} = {54E8551C-CB5B-48F7-A5ED-C6DCA877E842}
	EndProjectSection
EndProject
Project("{8BC9CEB8-8B4A-11D0-8D11-00A0C91BC942}") = "denmod.simulation.output", "simulation\output\output.vcproj", "{D83788CB-CAE8-4537-B69B-65C06CC594E8}"
EndProject
Project("{8BC9CEB8-8B4A-11D0-8D11-00A0C91BC942}") = "denmod.util.xml2xls", "util\xml2xls\xml2xls.vcproj", "{9CE07BE8-D000-4536-A34E-09797DF753CE}"
EndProject
Project("{8BC9CEB8-8B4A-11D0-8D11-00A0C91BC942}") = "denmod.util.parsedos", "util\parsedos\parsedos.vcproj", "{DD4542A3-648F-4282-9B77-4786F6B917A6}"
EndProject
Project("{8BC9CEB8-8B4A-11D0-8D11-00A0C91BC942}") = "denmod.util.exceloutput", "util\exceloutput\exceloutput.vcproj", "{89C7804B-5F22-423D-8DD0-AC344ED0ABAD}"
EndProject
Project("{8BC9CEB8-8B4A-11D0-8D11-00A0C91BC942}") = "denmod.ui.output", "gui\output\gui.output.vcproj", "{BDA9AE2A-9845-4511-9E46-0E7AC284147B}"
EndProject
Project("{8BC9CEB8-8B4A-11D0-8D11-00A0C91BC942}") = "denmod.ui.cli", "gui\cli\cli.vcproj", "{A75C9E3A-EB0B-4473-9283-81492A667847}"
EndProject
Project("{8BC9CEB8-8B4A-11D0-8D11-00A0C91BC942}") = "denmod.simulation.densim", "simulation\densim\densim.vcproj", "{54E8551C-CB5B-48F7-A5ED-C6DCA877E842}"
EndProject
Project("{8BC9CEB8-8B4A-11D0-8D11-00A0C91BC942}") = "denmod.lhs.cimsim", "lhs\cimsim\lhs.cimsim.vcproj", "{FF9958C8-CE3A-423C-A2B3-D9C90CAB3F2E}"
	ProjectSection(ProjectDependencies) = postProject
		{A75C9E3A-EB0B-4473-9283-81492A667847} = {A75C9E3A-EB0B-4473-9283-81492A667847}
	EndProjectSection
EndProject
Project("{8BC9CEB8-8B4A-11D0-8D11-00A0C91BC942}") = "denmod.lhs.densim", "lhs\densim\lhs.densim.vcproj", "{D166FEC3-5B68-4A93-8240-A8069CE6F7CA}"
	ProjectSection(ProjectDependencies) = postProject
		{A75C9E3A-EB0B-4473-9283-81492A667847} = {A75C9E3A-EB0B-4473-9283-81492A667847}
	EndProjectSection
EndProject
Global
	GlobalSection(SolutionConfigurationPlatforms) = preSolution
		Debug|Win32 = Debug|Win32
		Release|Win32 = Release|Win32
	EndGlobalSection
	GlobalSection(ProjectConfigurationPlatforms) = postSolution
		{EF97B474-CAB2-4890-ABF6-46C64A56DEF0}.Debug|Win32.ActiveCfg = Debug|Win32
		{EF97B474-CAB2-4890-ABF6-46C64A56DEF0}.Debug|Win32.Build.0 = Debug|Win32
		{EF97B474-CAB2-4890-ABF6-46C64A56DEF0}.Release|Win32.ActiveCfg = Release|Win32
		{EF97B474-CAB2-4890-ABF6-46C64A56DEF0}.Release|Win32.Build.0 = Release|Win32
		{FBC66F86-08B6-453A-BE3C-92472596833D}.Debug|Win32.ActiveCfg = Debug|Win32
		{FBC66F86-08B6-453A-BE3C-92472596833D}.Debug|Win32.Build.0 = Debug|Win32
		{FBC66F86-08B6-453A-BE3C-92472596833D}.Release|Win32.ActiveCfg = Release|Win32
		{FBC66F86-08B6-453A-BE3C-92472596833D}.Release|Win32.Build.0 = Release|Win32
		{02DDC5D5-6590-407A-89CD-168F85A7CB01}.Debug|Win32.ActiveCfg = Debug
		{02DDC5D5-6590-407A-89CD-168F85A7CB01}.Debug|Win32.Build.0 = Debug
		{02DDC5D5-6590-407A-89CD-168F85A7CB01}.Release|Win32.ActiveCfg = Release
		{02DDC5D5-6590-407A-89CD-168F85A7CB01}.Release|Win32.Build.0 = Release
		{3181D845-C5F4-46CA-9370-E40A376A9DC4}.Debug|Win32.ActiveCfg = Debug|Win32
		{3181D845-C5F4-46CA-9370-E40A376A9DC4}.Debug|Win32.Build.0 = Debug|Win32
		{3181D845-C5F4-46CA-9370-E40A376A9DC4}.Release|Win32.ActiveCfg = Release|Win32
		{3181D845-C5F4-46CA-9370-E40A376A9DC4}.Release|Win32.Build.0 = Release|Win32
		{92B00CE3-2DD3-4FF3-90B8-406836D45EC6}.Debug|Win32.ActiveCfg = Debug|Win32
		{92B00CE3-2DD3-4FF3-90B8-406836D45EC6}.Debug|Win32.Build.0 = Debug|Win32
		{92B00CE3-2DD3-4FF3-90B8-406836D45EC6}.Release|Win32.ActiveCfg = Release|Win32
		{92B00CE3-2DD3-4FF3-90B8-406836D45EC6}.Release|Win32.Build.0 = Release|Win32
		{C2329981-C757-474F-A90A-E11DBDA868BE}.Debug|Win32.ActiveCfg = Debug|Win32
		{C2329981-C757-474F-A90A-E11DBDA868BE}.Debug|Win32.Build.0 = Debug|Win32
		{C2329981-C757-474F-A90A-E11DBDA868BE}.Release|Win32.ActiveCfg = Release|Win32
		{C2329981-C757-474F-A90A-E11DBDA868BE}.Release|Win32.Build.0 = Release|Win32
		{D83788CB-CAE8-4537-B69B-65C06CC594E8}.Debug|Win32.ActiveCfg = Debug|Win32
		{D83788CB-CAE8-4537-B69B-65C06CC594E8}.Debug|Win32.Build.0 = Debug|Win32
		{D83788CB-CAE8-4537-B69B-65C06CC594E8}.Release|Win32.ActiveCfg = Release|Win32
		{D83788CB-CAE8-4537-B69B-65C06CC594E8}.Release|Win32.Build.0 = Release|Win32
		{9CE07BE8-D000-4536-A34E-09797DF753CE}.Debug|Win32.ActiveCfg = Debug|Win32
		{9CE07BE8-D000-4536-A34E-09797DF753CE}.Debug|Win32.Build.0 = Debug|Win32
		{9CE07BE8-D000-4536-A34E-09797DF753CE}.Release|Win32.ActiveCfg = Release|Win32
		{9CE07BE8-D000-4536-A34E-09797DF753CE}.Release|Win32.Build.0 = Release|Win32
		{DD4542A3-648F-4282-9B77-4786F6B917A6}.Debug|Win32.ActiveCfg = Debug|Win32
		{DD4542A3-648F-4282-9B77-4786F6B917A6}.Debug|Win32.Build.0 = Debug|Win32
		{DD4542A3-648F-4282-9B77-4786F6B917A6}.Release|Win32.ActiveCfg = Release|Win32
		{DD4542A3-648F-4282-9B77-4786F6B917A6}.Release|Win32.Build.0 = Release|Win32
		{89C7804B-5F22-423D-8DD0-AC344ED0ABAD}.Debug|Win32.ActiveCfg = Debug|Win32
		{89C7804B-5F22-423D-8DD0-AC344ED0ABAD}.Debug|Win32.Build.0 = Debug|Win32
		{89C7804B-5F22-423D-8DD0-AC344ED0ABAD}.Release|Win32.ActiveCfg = Release|Win32
		{89C7804B-5F22-423D-8DD0-AC344ED0ABAD}.Release|Win32.Build.0 = Release|Win32
		{BDA9AE2A-9845-4511-9E46-0E7AC284147B}.Debug|Win32.ActiveCfg = Debug|Win32
		{BDA9AE2A-9845-4511-9E46-0E7AC284147B}.Debug|Win32.Build.0 = Debug|Win32
		{BDA9AE2A-9845-4511-9E46-0E7AC284147B}.Release|Win32.ActiveCfg = Release|Win32
		{BDA9AE2A-9845-4511-9E46-0E7AC284147B}.Release|Win32.Build.0 = Release|Win32
		{A75C9E3A-EB0B-4473-9283-81492A667847}.Debug|Win32.ActiveCfg = Debug|Win32
		{A75C9E3A-EB0B-4473-9283-81492A667847}.Debug|Win32.Build.0 = Debug|Win32
		{A75C9E3A-EB0B-4473-9283-81492A667847}.Release|Win32.ActiveCfg = Release|Win32
		{A75C9E3A-EB0B-4473-9283-81492A667847}.Release|Win32.Build.0 = Release|Win32
		{54E8551C-CB5B-48F7-A5ED-C6DCA877E842}.Debug|Win32.ActiveCfg = Debug|Win32
		{54E8551C-CB5B-48F7-A5ED-C6DCA877E842}.Debug|Win32.Build.0 = Debug|Win32
		{54E8551C-CB5B-48F7-A5ED-C6DCA877E842}.Release|Win32.ActiveCfg = Release|Win32
		{54E8551C-CB5B-48F7-A5ED-C6DCA877E842}.Release|Win32.Build.0 = Release|Win32
		{FF9958C8-CE3A-423C-A2B3-D9C90CAB3F2E}.Debug|Win32.ActiveCfg = Debug|Win32
		{FF9958C8-CE3A-423C-A2B3-D9C90CAB3F2E}.Debug|Win32.Build.0 = Debug|Win32
		{FF9958C8-CE3A-423C-A2B3-D9C90CAB3F2E}.Release|Win32.ActiveCfg = Release|Win32
		{FF9958C8-CE3A-423C-A2B3-D9C90CAB3F2E}.Release|Win32.Build.0 = Release|Win32
		{D166FEC3-5B68-4A93-8240-A8069CE6F7CA}.Debug|Win32.ActiveCfg = Debug|Win32
		{D166FEC3-5B68-4A93-8240-A8069CE6F7CA}.Debug|Win32.Build.0 = Debug|Win32
		{D166FEC3-5B68-4A93-8240-A8069CE6F7CA}.Release|Win32.ActiveCfg = Release|Win32
		{D166FEC3-5B68-4A93-8240-A8069CE6F7CA}.Release|Win32.Build.0 = Release|Win32
	EndGlobalSection
	GlobalSection(SolutionProperties) = preSolution
		HideSolutionNode = FALSE
	EndGlobalSection
EndGlobal
