
Microsoft Visual Studio Solution File, Format Version 9.00
# Visual Studio 2005
Project("{8BC9CEB8-8B4A-11D0-8D11-00A0C91BC942}") = "input", "simulation\input\input.vcproj", "{EF97B474-CAB2-4890-ABF6-46C64A56DEF0}"
EndProject
Project("{2150E333-8FDC-42A3-9474-1A3956D46DE8}") = "simulation", "simulation", "{C4A02ADC-2C54-4640-906D-1EC6FECDEC0C}"
EndProject
Project("{8BC9CEB8-8B4A-11D0-8D11-00A0C91BC942}") = "gui", "gui\gui\gui.vcproj", "{FBC66F86-08B6-453A-BE3C-92472596833D}"
EndProject
Project("{2150E333-8FDC-42A3-9474-1A3956D46DE8}") = "deployment", "deployment", "{AB848DAF-7BE5-44E4-8115-4675A88F74E9}"
EndProject
Project("{54435603-DBB4-11D2-8724-00A0C9A8B90C}") = "denmod", "deploy\install\install.vdproj", "{02DDC5D5-6590-407A-89CD-168F85A7CB01}"
EndProject
Project("{8BC9CEB8-8B4A-11D0-8D11-00A0C91BC942}") = "cimsim", "simulation\cimsim\cimsim.vcproj", "{3181D845-C5F4-46CA-9370-E40A376A9DC4}"
EndProject
Project("{8BC9CEB8-8B4A-11D0-8D11-00A0C91BC942}") = "densim", "simulation\densim\densim.vcproj", "{00E7FE9D-5BE6-44C7-AF50-65C84482CEB4}"
EndProject
Project("{8BC9CEB8-8B4A-11D0-8D11-00A0C91BC942}") = "ctrls", "gui\ctrl\ctrl.vcproj", "{92B00CE3-2DD3-4FF3-90B8-406836D45EC6}"
EndProject
Project("{8BC9CEB8-8B4A-11D0-8D11-00A0C91BC942}") = "objs", "gui\objs\objs.vcproj", "{C2329981-C757-474F-A90A-E11DBDA868BE}"
EndProject
Project("{8BC9CEB8-8B4A-11D0-8D11-00A0C91BC942}") = "output1", "simulation\output\output.vcproj", "{D83788CB-CAE8-4537-B69B-65C06CC594E8}"
EndProject
Project("{8BC9CEB8-8B4A-11D0-8D11-00A0C91BC942}") = "testgui", "gui\testgui\testgui.vcproj", "{7C77FDB7-9559-4488-BA99-B4DC7411DABC}"
EndProject
Project("{2150E333-8FDC-42A3-9474-1A3956D46DE8}") = "util", "util", "{9BE02C8B-9DA4-4680-ACC8-7C0CF9B4AE46}"
EndProject
Project("{8BC9CEB8-8B4A-11D0-8D11-00A0C91BC942}") = "parseds1", "util\parseds1\parseds1.vcproj", "{96239CA0-CBC5-4DE4-BE89-223611F5CE60}"
EndProject
Project("{8BC9CEB8-8B4A-11D0-8D11-00A0C91BC942}") = "output", "gui\output\output.vcproj", "{BDA9AE2A-9845-4511-9E46-0E7AC284147B}"
EndProject
Project("{8BC9CEB8-8B4A-11D0-8D11-00A0C91BC942}") = "lhsmod", "lhs\lhsmod\lhsmod.vcproj", "{397D8A84-12D0-4BB5-B0C5-F6DDC633B545}"
EndProject
Project("{8BC9CEB8-8B4A-11D0-8D11-00A0C91BC942}") = "xml2xls", "util\xml2xls\xml2xls.vcproj", "{9CE07BE8-D000-4536-A34E-09797DF753CE}"
EndProject
Project("{8BC9CEB8-8B4A-11D0-8D11-00A0C91BC942}") = "parsedos", "util\parsedos\parsedos.vcproj", "{DD4542A3-648F-4282-9B77-4786F6B917A6}"
EndProject
Global
	GlobalSection(SolutionConfigurationPlatforms) = preSolution
		Debug|Win32 = Debug|Win32
		Release|Win32 = Release|Win32
	EndGlobalSection
	GlobalSection(ProjectConfigurationPlatforms) = postSolution
		{EF97B474-CAB2-4890-ABF6-46C64A56DEF0}.Debug|Win32.ActiveCfg = Debug|Win32
		{EF97B474-CAB2-4890-ABF6-46C64A56DEF0}.Debug|Win32.Build.0 = Debug|Win32
		{EF97B474-CAB2-4890-ABF6-46C64A56DEF0}.Release|Win32.ActiveCfg = Release|Win32
		{EF97B474-CAB2-4890-ABF6-46C64A56DEF0}.Release|Win32.Build.0 = Release|Win32
		{FBC66F86-08B6-453A-BE3C-92472596833D}.Debug|Win32.ActiveCfg = Debug|Win32
		{FBC66F86-08B6-453A-BE3C-92472596833D}.Debug|Win32.Build.0 = Debug|Win32
		{FBC66F86-08B6-453A-BE3C-92472596833D}.Release|Win32.ActiveCfg = Release|Win32
		{FBC66F86-08B6-453A-BE3C-92472596833D}.Release|Win32.Build.0 = Release|Win32
		{02DDC5D5-6590-407A-89CD-168F85A7CB01}.Debug|Win32.ActiveCfg = Debug
		{02DDC5D5-6590-407A-89CD-168F85A7CB01}.Debug|Win32.Build.0 = Debug
		{02DDC5D5-6590-407A-89CD-168F85A7CB01}.Release|Win32.ActiveCfg = Release
		{02DDC5D5-6590-407A-89CD-168F85A7CB01}.Release|Win32.Build.0 = Release
		{3181D845-C5F4-46CA-9370-E40A376A9DC4}.Debug|Win32.ActiveCfg = Debug|Win32
		{3181D845-C5F4-46CA-9370-E40A376A9DC4}.Debug|Win32.Build.0 = Debug|Win32
		{3181D845-C5F4-46CA-9370-E40A376A9DC4}.Release|Win32.ActiveCfg = Release|Win32
		{3181D845-C5F4-46CA-9370-E40A376A9DC4}.Release|Win32.Build.0 = Release|Win32
		{00E7FE9D-5BE6-44C7-AF50-65C84482CEB4}.Debug|Win32.ActiveCfg = Debug|Win32
		{00E7FE9D-5BE6-44C7-AF50-65C84482CEB4}.Debug|Win32.Build.0 = Debug|Win32
		{00E7FE9D-5BE6-44C7-AF50-65C84482CEB4}.Release|Win32.ActiveCfg = Release|Win32
		{00E7FE9D-5BE6-44C7-AF50-65C84482CEB4}.Release|Win32.Build.0 = Release|Win32
		{92B00CE3-2DD3-4FF3-90B8-406836D45EC6}.Debug|Win32.ActiveCfg = Debug|Win32
		{92B00CE3-2DD3-4FF3-90B8-406836D45EC6}.Debug|Win32.Build.0 = Debug|Win32
		{92B00CE3-2DD3-4FF3-90B8-406836D45EC6}.Release|Win32.ActiveCfg = Release|Win32
		{92B00CE3-2DD3-4FF3-90B8-406836D45EC6}.Release|Win32.Build.0 = Release|Win32
		{C2329981-C757-474F-A90A-E11DBDA868BE}.Debug|Win32.ActiveCfg = Debug|Win32
		{C2329981-C757-474F-A90A-E11DBDA868BE}.Debug|Win32.Build.0 = Debug|Win32
		{C2329981-C757-474F-A90A-E11DBDA868BE}.Release|Win32.ActiveCfg = Release|Win32
		{C2329981-C757-474F-A90A-E11DBDA868BE}.Release|Win32.Build.0 = Release|Win32
		{D83788CB-CAE8-4537-B69B-65C06CC594E8}.Debug|Win32.ActiveCfg = Debug|Win32
		{D83788CB-CAE8-4537-B69B-65C06CC594E8}.Debug|Win32.Build.0 = Debug|Win32
		{D83788CB-CAE8-4537-B69B-65C06CC594E8}.Release|Win32.ActiveCfg = Release|Win32
		{D83788CB-CAE8-4537-B69B-65C06CC594E8}.Release|Win32.Build.0 = Release|Win32
		{7C77FDB7-9559-4488-BA99-B4DC7411DABC}.Debug|Win32.ActiveCfg = Debug|Win32
		{7C77FDB7-9559-4488-BA99-B4DC7411DABC}.Debug|Win32.Build.0 = Debug|Win32
		{7C77FDB7-9559-4488-BA99-B4DC7411DABC}.Release|Win32.ActiveCfg = Release|Win32
		{7C77FDB7-9559-4488-BA99-B4DC7411DABC}.Release|Win32.Build.0 = Release|Win32
		{96239CA0-CBC5-4DE4-BE89-223611F5CE60}.Debug|Win32.ActiveCfg = Debug|Win32
		{96239CA0-CBC5-4DE4-BE89-223611F5CE60}.Debug|Win32.Build.0 = Debug|Win32
		{96239CA0-CBC5-4DE4-BE89-223611F5CE60}.Release|Win32.ActiveCfg = Release|Win32
		{96239CA0-CBC5-4DE4-BE89-223611F5CE60}.Release|Win32.Build.0 = Release|Win32
		{BDA9AE2A-9845-4511-9E46-0E7AC284147B}.Debug|Win32.ActiveCfg = Debug|Win32
		{BDA9AE2A-9845-4511-9E46-0E7AC284147B}.Debug|Win32.Build.0 = Debug|Win32
		{BDA9AE2A-9845-4511-9E46-0E7AC284147B}.Release|Win32.ActiveCfg = Release|Win32
		{BDA9AE2A-9845-4511-9E46-0E7AC284147B}.Release|Win32.Build.0 = Release|Win32
		{397D8A84-12D0-4BB5-B0C5-F6DDC633B545}.Debug|Win32.ActiveCfg = Debug|Win32
		{397D8A84-12D0-4BB5-B0C5-F6DDC633B545}.Debug|Win32.Build.0 = Debug|Win32
		{397D8A84-12D0-4BB5-B0C5-F6DDC633B545}.Release|Win32.ActiveCfg = Release|Win32
		{397D8A84-12D0-4BB5-B0C5-F6DDC633B545}.Release|Win32.Build.0 = Release|Win32
		{9CE07BE8-D000-4536-A34E-09797DF753CE}.Debug|Win32.ActiveCfg = Debug|Win32
		{9CE07BE8-D000-4536-A34E-09797DF753CE}.Debug|Win32.Build.0 = Debug|Win32
		{9CE07BE8-D000-4536-A34E-09797DF753CE}.Release|Win32.ActiveCfg = Release|Win32
		{9CE07BE8-D000-4536-A34E-09797DF753CE}.Release|Win32.Build.0 = Release|Win32
		{DD4542A3-648F-4282-9B77-4786F6B917A6}.Debug|Win32.ActiveCfg = Debug|Win32
		{DD4542A3-648F-4282-9B77-4786F6B917A6}.Debug|Win32.Build.0 = Debug|Win32
		{DD4542A3-648F-4282-9B77-4786F6B917A6}.Release|Win32.ActiveCfg = Release|Win32
		{DD4542A3-648F-4282-9B77-4786F6B917A6}.Release|Win32.Build.0 = Release|Win32
	EndGlobalSection
	GlobalSection(SolutionProperties) = preSolution
		HideSolutionNode = FALSE
	EndGlobalSection
	GlobalSection(NestedProjects) = preSolution
		{EF97B474-CAB2-4890-ABF6-46C64A56DEF0} = {C4A02ADC-2C54-4640-906D-1EC6FECDEC0C}
		{3181D845-C5F4-46CA-9370-E40A376A9DC4} = {C4A02ADC-2C54-4640-906D-1EC6FECDEC0C}
		{00E7FE9D-5BE6-44C7-AF50-65C84482CEB4} = {C4A02ADC-2C54-4640-906D-1EC6FECDEC0C}
		{D83788CB-CAE8-4537-B69B-65C06CC594E8} = {C4A02ADC-2C54-4640-906D-1EC6FECDEC0C}
		{02DDC5D5-6590-407A-89CD-168F85A7CB01} = {AB848DAF-7BE5-44E4-8115-4675A88F74E9}
		{96239CA0-CBC5-4DE4-BE89-223611F5CE60} = {9BE02C8B-9DA4-4680-ACC8-7C0CF9B4AE46}
		{9CE07BE8-D000-4536-A34E-09797DF753CE} = {9BE02C8B-9DA4-4680-ACC8-7C0CF9B4AE46}
		{DD4542A3-648F-4282-9B77-4786F6B917A6} = {9BE02C8B-9DA4-4680-ACC8-7C0CF9B4AE46}
	EndGlobalSection
EndGlobal
